
Microsoft Visual Studio Solution File, Format Version 12.00
# Visual Studio Version 16
VisualStudioVersion = 16.0.29102.190
MinimumVisualStudioVersion = 10.0.40219.1
Project("{FAE04EC0-301F-11D3-BF4B-00C04F79EFBC}") = "nlp_prglang", "nlp_prglang.csproj", "{42E42E32-216C-4546-9A62-AAABDF7B5334}"
EndProject
Global
	GlobalSection(SolutionConfigurationPlatforms) = preSolution
		Debug|Any CPU = Debug|Any CPU
		Release|Any CPU = Release|Any CPU
	EndGlobalSection
	GlobalSection(ProjectConfigurationPlatforms) = postSolution
		{42E42E32-216C-4546-9A62-AAABDF7B5334}.Debug|Any CPU.ActiveCfg = Debug|Any CPU
		{42E42E32-216C-4546-9A62-AAABDF7B5334}.Debug|Any CPU.Build.0 = Debug|Any CPU
		{42E42E32-216C-4546-9A62-AAABDF7B5334}.Release|Any CPU.ActiveCfg = Release|Any CPU
		{42E42E32-216C-4546-9A62-AAABDF7B5334}.Release|Any CPU.Build.0 = Release|Any CPU
	EndGlobalSection
	GlobalSection(SolutionProperties) = preSolution
		HideSolutionNode = FALSE
	EndGlobalSection
	GlobalSection(ExtensibilityGlobals) = postSolution
		SolutionGuid = {873C2257-C4B5-49BD-B418-BA0112BCAEA6}
	EndGlobalSection
EndGlobal
